
Microsoft Visual Studio Solution File, Format Version 12.00
# Visual Studio Version 17
VisualStudioVersion = 17.4.33205.214
MinimumVisualStudioVersion = 10.0.40219.1
Project("{9A19103F-16F7-4668-BE54-9A1E7A4F7556}") = "interrogazioni", "interrogazioni\interrogazioni.csproj", "{4E7DF8C6-5F7F-4D89-8AF3-1DDEB804D93C}"
EndProject
Project("{9A19103F-16F7-4668-BE54-9A1E7A4F7556}") = "2", "2\2.csproj", "{E0017F67-95BE-4F1F-8779-94830C54CE37}"
EndProject
Project("{9A19103F-16F7-4668-BE54-9A1E7A4F7556}") = "3", "3\3.csproj", "{A690FBAE-1679-45E5-AA23-02FBB641C1CC}"
EndProject
Project("{9A19103F-16F7-4668-BE54-9A1E7A4F7556}") = "4", "4\4.csproj", "{15E7AB5C-284B-4988-A361-B02BDA0C24B4}"
EndProject
Project("{9A19103F-16F7-4668-BE54-9A1E7A4F7556}") = "5", "5\5.csproj", "{8FEDE768-B124-407B-B5A0-226F762127DE}"
EndProject
Project("{9A19103F-16F7-4668-BE54-9A1E7A4F7556}") = "6", "6\6.csproj", "{811C943B-E469-4332-AF7C-34B040C39178}"
EndProject
Project("{FAE04EC0-301F-11D3-BF4B-00C04F79EFBC}") = "7", "7\7.csproj", "{68F2F45B-2789-4F14-B543-FE9514AD4103}"
EndProject
Project("{FAE04EC0-301F-11D3-BF4B-00C04F79EFBC}") = "8", "8\8.csproj", "{94BEFC39-2726-4D4A-B122-6583374A27EB}"
EndProject
Project("{FAE04EC0-301F-11D3-BF4B-00C04F79EFBC}") = "9", "9\9.csproj", "{DB38DA66-9C08-4E26-95C6-179075BDD9AE}"
EndProject
Global
	GlobalSection(SolutionConfigurationPlatforms) = preSolution
		Debug|Any CPU = Debug|Any CPU
		Release|Any CPU = Release|Any CPU
	EndGlobalSection
	GlobalSection(ProjectConfigurationPlatforms) = postSolution
		{4E7DF8C6-5F7F-4D89-8AF3-1DDEB804D93C}.Debug|Any CPU.ActiveCfg = Debug|Any CPU
		{4E7DF8C6-5F7F-4D89-8AF3-1DDEB804D93C}.Debug|Any CPU.Build.0 = Debug|Any CPU
		{4E7DF8C6-5F7F-4D89-8AF3-1DDEB804D93C}.Release|Any CPU.ActiveCfg = Release|Any CPU
		{4E7DF8C6-5F7F-4D89-8AF3-1DDEB804D93C}.Release|Any CPU.Build.0 = Release|Any CPU
		{E0017F67-95BE-4F1F-8779-94830C54CE37}.Debug|Any CPU.ActiveCfg = Debug|Any CPU
		{E0017F67-95BE-4F1F-8779-94830C54CE37}.Debug|Any CPU.Build.0 = Debug|Any CPU
		{E0017F67-95BE-4F1F-8779-94830C54CE37}.Release|Any CPU.ActiveCfg = Release|Any CPU
		{E0017F67-95BE-4F1F-8779-94830C54CE37}.Release|Any CPU.Build.0 = Release|Any CPU
		{A690FBAE-1679-45E5-AA23-02FBB641C1CC}.Debug|Any CPU.ActiveCfg = Debug|Any CPU
		{A690FBAE-1679-45E5-AA23-02FBB641C1CC}.Debug|Any CPU.Build.0 = Debug|Any CPU
		{A690FBAE-1679-45E5-AA23-02FBB641C1CC}.Release|Any CPU.ActiveCfg = Release|Any CPU
		{A690FBAE-1679-45E5-AA23-02FBB641C1CC}.Release|Any CPU.Build.0 = Release|Any CPU
		{15E7AB5C-284B-4988-A361-B02BDA0C24B4}.Debug|Any CPU.ActiveCfg = Debug|Any CPU
		{15E7AB5C-284B-4988-A361-B02BDA0C24B4}.Debug|Any CPU.Build.0 = Debug|Any CPU
		{15E7AB5C-284B-4988-A361-B02BDA0C24B4}.Release|Any CPU.ActiveCfg = Release|Any CPU
		{15E7AB5C-284B-4988-A361-B02BDA0C24B4}.Release|Any CPU.Build.0 = Release|Any CPU
		{8FEDE768-B124-407B-B5A0-226F762127DE}.Debug|Any CPU.ActiveCfg = Debug|Any CPU
		{8FEDE768-B124-407B-B5A0-226F762127DE}.Debug|Any CPU.Build.0 = Debug|Any CPU
		{8FEDE768-B124-407B-B5A0-226F762127DE}.Release|Any CPU.ActiveCfg = Release|Any CPU
		{8FEDE768-B124-407B-B5A0-226F762127DE}.Release|Any CPU.Build.0 = Release|Any CPU
		{811C943B-E469-4332-AF7C-34B040C39178}.Debug|Any CPU.ActiveCfg = Debug|Any CPU
		{811C943B-E469-4332-AF7C-34B040C39178}.Debug|Any CPU.Build.0 = Debug|Any CPU
		{811C943B-E469-4332-AF7C-34B040C39178}.Release|Any CPU.ActiveCfg = Release|Any CPU
		{811C943B-E469-4332-AF7C-34B040C39178}.Release|Any CPU.Build.0 = Release|Any CPU
		{68F2F45B-2789-4F14-B543-FE9514AD4103}.Debug|Any CPU.ActiveCfg = Debug|Any CPU
		{68F2F45B-2789-4F14-B543-FE9514AD4103}.Debug|Any CPU.Build.0 = Debug|Any CPU
		{68F2F45B-2789-4F14-B543-FE9514AD4103}.Release|Any CPU.ActiveCfg = Release|Any CPU
		{68F2F45B-2789-4F14-B543-FE9514AD4103}.Release|Any CPU.Build.0 = Release|Any CPU
		{94BEFC39-2726-4D4A-B122-6583374A27EB}.Debug|Any CPU.ActiveCfg = Debug|Any CPU
		{94BEFC39-2726-4D4A-B122-6583374A27EB}.Debug|Any CPU.Build.0 = Debug|Any CPU
		{94BEFC39-2726-4D4A-B122-6583374A27EB}.Release|Any CPU.ActiveCfg = Release|Any CPU
		{94BEFC39-2726-4D4A-B122-6583374A27EB}.Release|Any CPU.Build.0 = Release|Any CPU
		{DB38DA66-9C08-4E26-95C6-179075BDD9AE}.Debug|Any CPU.ActiveCfg = Debug|Any CPU
		{DB38DA66-9C08-4E26-95C6-179075BDD9AE}.Debug|Any CPU.Build.0 = Debug|Any CPU
		{DB38DA66-9C08-4E26-95C6-179075BDD9AE}.Release|Any CPU.ActiveCfg = Release|Any CPU
		{DB38DA66-9C08-4E26-95C6-179075BDD9AE}.Release|Any CPU.Build.0 = Release|Any CPU
	EndGlobalSection
	GlobalSection(SolutionProperties) = preSolution
		HideSolutionNode = FALSE
	EndGlobalSection
	GlobalSection(ExtensibilityGlobals) = postSolution
		SolutionGuid = {101EAF1D-5026-4A20-8907-E5AC7C7FB054}
	EndGlobalSection
EndGlobal
